github.com/go-sql-driver/mysql v1.5.0 h1:ozyZYNQW3x3HtqT1jira07DN2PArx2v7/mN66gGcHOs=
github.com/go-sql-driver/mysql v1.5.0/go.mod h1:DCzpHaOWr8IXmIStZouvnhqoel9Qv2LBy8hT2VhHyBg=
github.com/panlibin/vglog v0.0.0-20200317084509-89ab82f206ad h1:KskdRANNHTaiXnKqc32/qR633F+2nmXKArVd9WZkW6I=
github.com/panlibin/vglog v0.0.0-20200317084509-89ab82f206ad/go.mod h1:aEAG2vUCahNPexsaQn80+KmMEeFL+vJvC3VOtIwsmRU=
github.com/panlibin/vglog v0.0.0-20200509072752-ba9acb6a27d5 h1:9WpZvDRsx3gZ+2EeuJP2YMptlJAWVKZH4qUwPDVMs7g=
github.com/panlibin/vglog v0.0.0-20200509072752-ba9acb6a27d5/go.mod h1:aEAG2vUCahNPexsaQn80+KmMEeFL+vJvC3VOtIwsmRU=
github.com/panlibin/vglog v0.0.0-20200509085241-49e2d3e35a2f h1:WJP2sllCpyIyXfSLfrC1s4RRQUwBfujINnYkeqJBCwA=
github.com/panlibin/vglog v0.0.0-20200509085241-49e2d3e35a2f/go.mod h1:aEAG2vUCahNPexsaQn80+KmMEeFL+vJvC3VOtIwsmRU=
